// !$*UTF8*$!
{
	archiveVersion = 1;
	classes = {
	};
	objectVersion = 56;
	objects = {

/* Begin PBXBuildFile section */
		04BF51DF2B75DE5800B2553D /* HikeApp.swift in Sources */ = {isa = PBXBuildFile; fileRef = 04BF51DE2B75DE5800B2553D /* HikeApp.swift */; };
		04BF51E12B75DE5800B2553D /* ContentView.swift in Sources */ = {isa = PBXBuildFile; fileRef = 04BF51E02B75DE5800B2553D /* ContentView.swift */; };
		04BF51E32B75DE5900B2553D /* Assets.xcassets in Resources */ = {isa = PBXBuildFile; fileRef = 04BF51E22B75DE5900B2553D /* Assets.xcassets */; };
		04BF51E62B75DE5900B2553D /* Preview Assets.xcassets in Resources */ = {isa = PBXBuildFile; fileRef = 04BF51E52B75DE5900B2553D /* Preview Assets.xcassets */; };
		04BF51EF2B75E13300B2553D /* CardView.swift in Sources */ = {isa = PBXBuildFile; fileRef = 04BF51EE2B75E13300B2553D /* CardView.swift */; };
		04BF51F22B75E74B00B2553D /* CustomBackgroundView.swift in Sources */ = {isa = PBXBuildFile; fileRef = 04BF51F12B75E74B00B2553D /* CustomBackgroundView.swift */; };
		04BF51F42B7600D300B2553D /* CustomButtonView.swift in Sources */ = {isa = PBXBuildFile; fileRef = 04BF51F32B7600D300B2553D /* CustomButtonView.swift */; };
		04BF51F72B7630E800B2553D /* GradientButton.swift in Sources */ = {isa = PBXBuildFile; fileRef = 04BF51F62B7630E800B2553D /* GradientButton.swift */; };
		04BF51F92B76387900B2553D /* CustomCircleView.swift in Sources */ = {isa = PBXBuildFile; fileRef = 04BF51F82B76387900B2553D /* CustomCircleView.swift */; };
		04BF51FB2B764BEE00B2553D /* MotionAnimationView.swift in Sources */ = {isa = PBXBuildFile; fileRef = 04BF51FA2B764BEE00B2553D /* MotionAnimationView.swift */; };
		04BF51FE2B76537200B2553D /* SettingsView.swift in Sources */ = {isa = PBXBuildFile; fileRef = 04BF51FD2B76537200B2553D /* SettingsView.swift */; };
		04BF52002B76A49A00B2553D /* CustomListRowView.swift in Sources */ = {isa = PBXBuildFile; fileRef = 04BF51FF2B76A49A00B2553D /* CustomListRowView.swift */; };
/* End PBXBuildFile section */

/* Begin PBXFileReference section */
		04BF51DB2B75DE5800B2553D /* Hike.app */ = {isa = PBXFileReference; explicitFileType = wrapper.application; includeInIndex = 0; path = Hike.app; sourceTree = BUILT_PRODUCTS_DIR; };
		04BF51DE2B75DE5800B2553D /* HikeApp.swift */ = {isa = PBXFileReference; lastKnownFileType = sourcecode.swift; path = HikeApp.swift; sourceTree = "<group>"; };
		04BF51E02B75DE5800B2553D /* ContentView.swift */ = {isa = PBXFileReference; lastKnownFileType = sourcecode.swift; path = ContentView.swift; sourceTree = "<group>"; };
		04BF51E22B75DE5900B2553D /* Assets.xcassets */ = {isa = PBXFileReference; lastKnownFileType = folder.assetcatalog; path = Assets.xcassets; sourceTree = "<group>"; };
		04BF51E52B75DE5900B2553D /* Preview Assets.xcassets */ = {isa = PBXFileReference; lastKnownFileType = folder.assetcatalog; path = "Preview Assets.xcassets"; sourceTree = "<group>"; };
		04BF51EE2B75E13300B2553D /* CardView.swift */ = {isa = PBXFileReference; lastKnownFileType = sourcecode.swift; path = CardView.swift; sourceTree = "<group>"; };
		04BF51F12B75E74B00B2553D /* CustomBackgroundView.swift */ = {isa = PBXFileReference; lastKnownFileType = sourcecode.swift; path = CustomBackgroundView.swift; sourceTree = "<group>"; };
		04BF51F32B7600D300B2553D /* CustomButtonView.swift */ = {isa = PBXFileReference; lastKnownFileType = sourcecode.swift; path = CustomButtonView.swift; sourceTree = "<group>"; };
		04BF51F62B7630E800B2553D /* GradientButton.swift */ = {isa = PBXFileReference; lastKnownFileType = sourcecode.swift; path = GradientButton.swift; sourceTree = "<group>"; };
		04BF51F82B76387900B2553D /* CustomCircleView.swift */ = {isa = PBXFileReference; lastKnownFileType = sourcecode.swift; path = CustomCircleView.swift; sourceTree = "<group>"; };
		04BF51FA2B764BEE00B2553D /* MotionAnimationView.swift */ = {isa = PBXFileReference; lastKnownFileType = sourcecode.swift; path = MotionAnimationView.swift; sourceTree = "<group>"; };
		04BF51FD2B76537200B2553D /* SettingsView.swift */ = {isa = PBXFileReference; lastKnownFileType = sourcecode.swift; path = SettingsView.swift; sourceTree = "<group>"; };
		04BF51FF2B76A49A00B2553D /* CustomListRowView.swift */ = {isa = PBXFileReference; lastKnownFileType = sourcecode.swift; path = CustomListRowView.swift; sourceTree = "<group>"; };
/* End PBXFileReference section */

/* Begin PBXFrameworksBuildPhase section */
		04BF51D82B75DE5800B2553D /* Frameworks */ = {
			isa = PBXFrameworksBuildPhase;
			buildActionMask = 2147483647;
			files = (
			);
			runOnlyForDeploymentPostprocessing = 0;
		};
/* End PBXFrameworksBuildPhase section */

/* Begin PBXGroup section */
		04BF51D22B75DE5800B2553D = {
			isa = PBXGroup;
			children = (
				04BF51DD2B75DE5800B2553D /* Hike */,
				04BF51DC2B75DE5800B2553D /* Products */,
			);
			sourceTree = "<group>";
		};
		04BF51DC2B75DE5800B2553D /* Products */ = {
			isa = PBXGroup;
			children = (
				04BF51DB2B75DE5800B2553D /* Hike.app */,
			);
			name = Products;
			sourceTree = "<group>";
		};
		04BF51DD2B75DE5800B2553D /* Hike */ = {
			isa = PBXGroup;
			children = (
				04BF51F52B76308100B2553D /* Utility */,
				04BF51DE2B75DE5800B2553D /* HikeApp.swift */,
				04BF51FC2B76535F00B2553D /* Screen */,
				04BF51E22B75DE5900B2553D /* Assets.xcassets */,
				04BF51E42B75DE5900B2553D /* Preview Content */,
				04BF51F02B75E20F00B2553D /* Component */,
			);
			path = Hike;
			sourceTree = "<group>";
		};
		04BF51E42B75DE5900B2553D /* Preview Content */ = {
			isa = PBXGroup;
			children = (
				04BF51E52B75DE5900B2553D /* Preview Assets.xcassets */,
			);
			path = "Preview Content";
			sourceTree = "<group>";
		};
		04BF51F02B75E20F00B2553D /* Component */ = {
			isa = PBXGroup;
			children = (
				04BF51EE2B75E13300B2553D /* CardView.swift */,
				04BF51F12B75E74B00B2553D /* CustomBackgroundView.swift */,
				04BF51F32B7600D300B2553D /* CustomButtonView.swift */,
				04BF51F82B76387900B2553D /* CustomCircleView.swift */,
				04BF51FA2B764BEE00B2553D /* MotionAnimationView.swift */,
				04BF51FF2B76A49A00B2553D /* CustomListRowView.swift */,
			);
			path = Component;
			sourceTree = "<group>";
		};
		04BF51F52B76308100B2553D /* Utility */ = {
			isa = PBXGroup;
			children = (
				04BF51F62B7630E800B2553D /* GradientButton.swift */,
			);
			path = Utility;
			sourceTree = "<group>";
		};
		04BF51FC2B76535F00B2553D /* Screen */ = {
			isa = PBXGroup;
			children = (
				04BF51E02B75DE5800B2553D /* ContentView.swift */,
				04BF51FD2B76537200B2553D /* SettingsView.swift */,
			);
			path = Screen;
			sourceTree = "<group>";
		};
/* End PBXGroup section */

/* Begin PBXNativeTarget section */
		04BF51DA2B75DE5800B2553D /* Hike */ = {
			isa = PBXNativeTarget;
			buildConfigurationList = 04BF51E92B75DE5900B2553D /* Build configuration list for PBXNativeTarget "Hike" */;
			buildPhases = (
				04BF51D72B75DE5800B2553D /* Sources */,
				04BF51D82B75DE5800B2553D /* Frameworks */,
				04BF51D92B75DE5800B2553D /* Resources */,
			);
			buildRules = (
			);
			dependencies = (
			);
			name = Hike;
			productName = Hike;
			productReference = 04BF51DB2B75DE5800B2553D /* Hike.app */;
			productType = "com.apple.product-type.application";
		};
/* End PBXNativeTarget section */

/* Begin PBXProject section */
		04BF51D32B75DE5800B2553D /* Project object */ = {
			isa = PBXProject;
			attributes = {
				BuildIndependentTargetsInParallel = 1;
				LastSwiftUpdateCheck = 1520;
				LastUpgradeCheck = 1520;
				TargetAttributes = {
					04BF51DA2B75DE5800B2553D = {
						CreatedOnToolsVersion = 15.2;
					};
				};
			};
			buildConfigurationList = 04BF51D62B75DE5800B2553D /* Build configuration list for PBXProject "Hike" */;
			compatibilityVersion = "Xcode 14.0";
			developmentRegion = en;
			hasScannedForEncodings = 0;
			knownRegions = (
				en,
				Base,
			);
			mainGroup = 04BF51D22B75DE5800B2553D;
			productRefGroup = 04BF51DC2B75DE5800B2553D /* Products */;
			projectDirPath = "";
			projectRoot = "";
			targets = (
				04BF51DA2B75DE5800B2553D /* Hike */,
			);
		};
/* End PBXProject section */

/* Begin PBXResourcesBuildPhase section */
		04BF51D92B75DE5800B2553D /* Resources */ = {
			isa = PBXResourcesBuildPhase;
			buildActionMask = 2147483647;
			files = (
				04BF51E62B75DE5900B2553D /* Preview Assets.xcassets in Resources */,
				04BF51E32B75DE5900B2553D /* Assets.xcassets in Resources */,
			);
			runOnlyForDeploymentPostprocessing = 0;
		};
/* End PBXResourcesBuildPhase section */

/* Begin PBXSourcesBuildPhase section */
		04BF51D72B75DE5800B2553D /* Sources */ = {
			isa = PBXSourcesBuildPhase;
			buildActionMask = 2147483647;
			files = (
				04BF51F42B7600D300B2553D /* CustomButtonView.swift in Sources */,
				04BF51F72B7630E800B2553D /* GradientButton.swift in Sources */,
				04BF52002B76A49A00B2553D /* CustomListRowView.swift in Sources */,
				04BF51E12B75DE5800B2553D /* ContentView.swift in Sources */,
				04BF51FE2B76537200B2553D /* SettingsView.swift in Sources */,
				04BF51F92B76387900B2553D /* CustomCircleView.swift in Sources */,
				04BF51EF2B75E13300B2553D /* CardView.swift in Sources */,
				04BF51FB2B764BEE00B2553D /* MotionAnimationView.swift in Sources */,
				04BF51DF2B75DE5800B2553D /* HikeApp.swift in Sources */,
				04BF51F22B75E74B00B2553D /* CustomBackgroundView.swift in Sources */,
			);
			runOnlyForDeploymentPostprocessing = 0;
		};
/* End PBXSourcesBuildPhase section */

/* Begin XCBuildConfiguration section */
		04BF51E72B75DE5900B2553D /* Debug */ = {
			isa = XCBuildConfiguration;
			buildSettings = {
				ALWAYS_SEARCH_USER_PATHS = NO;
				ASSETCATALOG_COMPILER_GENERATE_SWIFT_ASSET_SYMBOL_EXTENSIONS = YES;
				CLANG_ANALYZER_NONNULL = YES;
				CLANG_ANALYZER_NUMBER_OBJECT_CONVERSION = YES_AGGRESSIVE;
				CLANG_CXX_LANGUAGE_STANDARD = "gnu++20";
				CLANG_ENABLE_MODULES = YES;
				CLANG_ENABLE_OBJC_ARC = YES;
				CLANG_ENABLE_OBJC_WEAK = YES;
				CLANG_WARN_BLOCK_CAPTURE_AUTORELEASING = YES;
				CLANG_WARN_BOOL_CONVERSION = YES;
				CLANG_WARN_COMMA = YES;
				CLANG_WARN_CONSTANT_CONVERSION = YES;
				CLANG_WARN_DEPRECATED_OBJC_IMPLEMENTATIONS = YES;
				CLANG_WARN_DIRECT_OBJC_ISA_USAGE = YES_ERROR;
				CLANG_WARN_DOCUMENTATION_COMMENTS = YES;
				CLANG_WARN_EMPTY_BODY = YES;
				CLANG_WARN_ENUM_CONVERSION = YES;
				CLANG_WARN_INFINITE_RECURSION = YES;
				CLANG_WARN_INT_CONVERSION = YES;
				CLANG_WARN_NON_LITERAL_NULL_CONVERSION = YES;
				CLANG_WARN_OBJC_IMPLICIT_RETAIN_SELF = YES;
				CLANG_WARN_OBJC_LITERAL_CONVERSION = YES;
				CLANG_WARN_OBJC_ROOT_CLASS = YES_ERROR;
				CLANG_WARN_QUOTED_INCLUDE_IN_FRAMEWORK_HEADER = YES;
				CLANG_WARN_RANGE_LOOP_ANALYSIS = YES;
				CLANG_WARN_STRICT_PROTOTYPES = YES;
				CLANG_WARN_SUSPICIOUS_MOVE = YES;
				CLANG_WARN_UNGUARDED_AVAILABILITY = YES_AGGRESSIVE;
				CLANG_WARN_UNREACHABLE_CODE = YES;
				CLANG_WARN__DUPLICATE_METHOD_MATCH = YES;
				COPY_PHASE_STRIP = NO;
				DEBUG_INFORMATION_FORMAT = dwarf;
				ENABLE_STRICT_OBJC_MSGSEND = YES;
				ENABLE_TESTABILITY = YES;
				ENABLE_USER_SCRIPT_SANDBOXING = YES;
				GCC_C_LANGUAGE_STANDARD = gnu17;
				GCC_DYNAMIC_NO_PIC = NO;
				GCC_NO_COMMON_BLOCKS = YES;
				GCC_OPTIMIZATION_LEVEL = 0;
				GCC_PREPROCESSOR_DEFINITIONS = (
					"DEBUG=1",
					"$(inherited)",
				);
				GCC_WARN_64_TO_32_BIT_CONVERSION = YES;
				GCC_WARN_ABOUT_RETURN_TYPE = YES_ERROR;
				GCC_WARN_UNDECLARED_SELECTOR = YES;
				GCC_WARN_UNINITIALIZED_AUTOS = YES_AGGRESSIVE;
				GCC_WARN_UNUSED_FUNCTION = YES;
				GCC_WARN_UNUSED_VARIABLE = YES;
				IPHONEOS_DEPLOYMENT_TARGET = 17.2;
				LOCALIZATION_PREFERS_STRING_CATALOGS = YES;
				MTL_ENABLE_DEBUG_INFO = INCLUDE_SOURCE;
				MTL_FAST_MATH = YES;
				ONLY_ACTIVE_ARCH = YES;
				SDKROOT = iphoneos;
				SWIFT_ACTIVE_COMPILATION_CONDITIONS = "DEBUG $(inherited)";
				SWIFT_OPTIMIZATION_LEVEL = "-Onone";
			};
			name = Debug;
		};
		04BF51E82B75DE5900B2553D /* Release */ = {
			isa = XCBuildConfiguration;
			buildSettings = {
				ALWAYS_SEARCH_USER_PATHS = NO;
				ASSETCATALOG_COMPILER_GENERATE_SWIFT_ASSET_SYMBOL_EXTENSIONS = YES;
				CLANG_ANALYZER_NONNULL = YES;
				CLANG_ANALYZER_NUMBER_OBJECT_CONVERSION = YES_AGGRESSIVE;
				CLANG_CXX_LANGUAGE_STANDARD = "gnu++20";
				CLANG_ENABLE_MODULES = YES;
				CLANG_ENABLE_OBJC_ARC = YES;
				CLANG_ENABLE_OBJC_WEAK = YES;
				CLANG_WARN_BLOCK_CAPTURE_AUTORELEASING = YES;
				CLANG_WARN_BOOL_CONVERSION = YES;
				CLANG_WARN_COMMA = YES;
				CLANG_WARN_CONSTANT_CONVERSION = YES;
				CLANG_WARN_DEPRECATED_OBJC_IMPLEMENTATIONS = YES;
				CLANG_WARN_DIRECT_OBJC_ISA_USAGE = YES_ERROR;
				CLANG_WARN_DOCUMENTATION_COMMENTS = YES;
				CLANG_WARN_EMPTY_BODY = YES;
				CLANG_WARN_ENUM_CONVERSION = YES;
				CLANG_WARN_INFINITE_RECURSION = YES;
				CLANG_WARN_INT_CONVERSION = YES;
				CLANG_WARN_NON_LITERAL_NULL_CONVERSION = YES;
				CLANG_WARN_OBJC_IMPLICIT_RETAIN_SELF = YES;
				CLANG_WARN_OBJC_LITERAL_CONVERSION = YES;
				CLANG_WARN_OBJC_ROOT_CLASS = YES_ERROR;
				CLANG_WARN_QUOTED_INCLUDE_IN_FRAMEWORK_HEADER = YES;
				CLANG_WARN_RANGE_LOOP_ANALYSIS = YES;
				CLANG_WARN_STRICT_PROTOTYPES = YES;
				CLANG_WARN_SUSPICIOUS_MOVE = YES;
				CLANG_WARN_UNGUARDED_AVAILABILITY = YES_AGGRESSIVE;
				CLANG_WARN_UNREACHABLE_CODE = YES;
				CLANG_WARN__DUPLICATE_METHOD_MATCH = YES;
				COPY_PHASE_STRIP = NO;
				DEBUG_INFORMATION_FORMAT = "dwarf-with-dsym";
				ENABLE_NS_ASSERTIONS = NO;
				ENABLE_STRICT_OBJC_MSGSEND = YES;
				ENABLE_USER_SCRIPT_SANDBOXING = YES;
				GCC_C_LANGUAGE_STANDARD = gnu17;
				GCC_NO_COMMON_BLOCKS = YES;
				GCC_WARN_64_TO_32_BIT_CONVERSION = YES;
				GCC_WARN_ABOUT_RETURN_TYPE = YES_ERROR;
				GCC_WARN_UNDECLARED_SELECTOR = YES;
				GCC_WARN_UNINITIALIZED_AUTOS = YES_AGGRESSIVE;
				GCC_WARN_UNUSED_FUNCTION = YES;
				GCC_WARN_UNUSED_VARIABLE = YES;
				IPHONEOS_DEPLOYMENT_TARGET = 17.2;
				LOCALIZATION_PREFERS_STRING_CATALOGS = YES;
				MTL_ENABLE_DEBUG_INFO = NO;
				MTL_FAST_MATH = YES;
				SDKROOT = iphoneos;
				SWIFT_COMPILATION_MODE = wholemodule;
				VALIDATE_PRODUCT = YES;
			};
			name = Release;
		};
		04BF51EA2B75DE5900B2553D /* Debug */ = {
			isa = XCBuildConfiguration;
			buildSettings = {
				ASSETCATALOG_COMPILER_ALTERNATE_APPICON_NAMES = "\"AppIcon-MagnifyingGlass\" \"AppIcon-Camera\" \"AppIcon-Map\" \"AppIcon-Mushroom\" \"AppIcon-Backpack\" \"AppIcon-Campfire\"";
				ASSETCATALOG_COMPILER_APPICON_NAME = AppIcon;
				ASSETCATALOG_COMPILER_GLOBAL_ACCENT_COLOR_NAME = AccentColor;
				ASSETCATALOG_COMPILER_INCLUDE_ALL_APPICON_ASSETS = NO;
				CODE_SIGN_STYLE = Automatic;
				CURRENT_PROJECT_VERSION = 1;
				DEVELOPMENT_ASSET_PATHS = "\"Hike/Preview Content\"";
				ENABLE_PREVIEWS = YES;
				GENERATE_INFOPLIST_FILE = YES;
				INFOPLIST_KEY_UIApplicationSceneManifest_Generation = YES;
				INFOPLIST_KEY_UIApplicationSupportsIndirectInputEvents = YES;
				INFOPLIST_KEY_UILaunchScreen_Generation = YES;
				INFOPLIST_KEY_UISupportedInterfaceOrientations_iPad = "UIInterfaceOrientationPortrait UIInterfaceOrientationPortraitUpsideDown UIInterfaceOrientationLandscapeLeft UIInterfaceOrientationLandscapeRight";
				INFOPLIST_KEY_UISupportedInterfaceOrientations_iPhone = "UIInterfaceOrientationPortrait UIInterfaceOrientationLandscapeLeft UIInterfaceOrientationLandscapeRight";
				LD_RUNPATH_SEARCH_PATHS = (
					"$(inherited)",
					"@executable_path/Frameworks",
				);
				MARKETING_VERSION = 1.0;
				PRODUCT_BUNDLE_IDENTIFIER = com.test.Hike;
				PRODUCT_NAME = "$(TARGET_NAME)";
				SWIFT_EMIT_LOC_STRINGS = YES;
				SWIFT_VERSION = 5.0;
				TARGETED_DEVICE_FAMILY = "1,2";
			};
			name = Debug;
		};
		04BF51EB2B75DE5900B2553D /* Release */ = {
			isa = XCBuildConfiguration;
			buildSettings = {
				ASSETCATALOG_COMPILER_ALTERNATE_APPICON_NAMES = "\"AppIcon-MagnifyingGlass\" \"AppIcon-Camera\" \"AppIcon-Map\" \"AppIcon-Mushroom\" \"AppIcon-Backpack\" \"AppIcon-Campfire\"";
				ASSETCATALOG_COMPILER_APPICON_NAME = AppIcon;
				ASSETCATALOG_COMPILER_GLOBAL_ACCENT_COLOR_NAME = AccentColor;
				ASSETCATALOG_COMPILER_INCLUDE_ALL_APPICON_ASSETS = NO;
				CODE_SIGN_STYLE = Automatic;
				CURRENT_PROJECT_VERSION = 1;
				DEVELOPMENT_ASSET_PATHS = "\"Hike/Preview Content\"";
				ENABLE_PREVIEWS = YES;
				GENERATE_INFOPLIST_FILE = YES;
				INFOPLIST_KEY_UIApplicationSceneManifest_Generation = YES;
				INFOPLIST_KEY_UIApplicationSupportsIndirectInputEvents = YES;
				INFOPLIST_KEY_UILaunchScreen_Generation = YES;
				INFOPLIST_KEY_UISupportedInterfaceOrientations_iPad = "UIInterfaceOrientationPortrait UIInterfaceOrientationPortraitUpsideDown UIInterfaceOrientationLandscapeLeft UIInterfaceOrientationLandscapeRight";
				INFOPLIST_KEY_UISupportedInterfaceOrientations_iPhone = "UIInterfaceOrientationPortrait UIInterfaceOrientationLandscapeLeft UIInterfaceOrientationLandscapeRight";
				LD_RUNPATH_SEARCH_PATHS = (
					"$(inherited)",
					"@executable_path/Frameworks",
				);
				MARKETING_VERSION = 1.0;
				PRODUCT_BUNDLE_IDENTIFIER = com.test.Hike;
				PRODUCT_NAME = "$(TARGET_NAME)";
				SWIFT_EMIT_LOC_STRINGS = YES;
				SWIFT_VERSION = 5.0;
				TARGETED_DEVICE_FAMILY = "1,2";
			};
			name = Release;
		};
/* End XCBuildConfiguration section */

/* Begin XCConfigurationList section */
		04BF51D62B75DE5800B2553D /* Build configuration list for PBXProject "Hike" */ = {
			isa = XCConfigurationList;
			buildConfigurations = (
				04BF51E72B75DE5900B2553D /* Debug */,
				04BF51E82B75DE5900B2553D /* Release */,
			);
			defaultConfigurationIsVisible = 0;
			defaultConfigurationName = Release;
		};
		04BF51E92B75DE5900B2553D /* Build configuration list for PBXNativeTarget "Hike" */ = {
			isa = XCConfigurationList;
			buildConfigurations = (
				04BF51EA2B75DE5900B2553D /* Debug */,
				04BF51EB2B75DE5900B2553D /* Release */,
			);
			defaultConfigurationIsVisible = 0;
			defaultConfigurationName = Release;
		};
/* End XCConfigurationList section */
	};
	rootObject = 04BF51D32B75DE5800B2553D /* Project object */;
}
